// !$*UTF8*$!
{
	archiveVersion = 1;
	classes = {
	};
	objectVersion = 56;
	objects = {

/* Begin PBXBuildFile section */
		99585A972A2ECE650026DF58 /* addcalendarView.swift in Sources */ = {isa = PBXBuildFile; fileRef = 99585A962A2ECE640026DF58 /* addcalendarView.swift */; };
		99585A992A2ED0020026DF58 /* calendaritemView.swift in Sources */ = {isa = PBXBuildFile; fileRef = 99585A982A2ED0020026DF58 /* calendaritemView.swift */; };
		99585A9C2A2ED7990026DF58 /* addClassview.swift in Sources */ = {isa = PBXBuildFile; fileRef = 99585A9B2A2ED7990026DF58 /* addClassview.swift */; };
		99585A9E2A2ED7F50026DF58 /* db.sqlite in Resources */ = {isa = PBXBuildFile; fileRef = 99585A9D2A2ED7F50026DF58 /* db.sqlite */; };
		99585AA02A2ED8680026DF58 /* appDatabase.swift in Sources */ = {isa = PBXBuildFile; fileRef = 99585A9F2A2ED8680026DF58 /* appDatabase.swift */; };
		99585AA22A2ED8D90026DF58 /* Class.swift in Sources */ = {isa = PBXBuildFile; fileRef = 99585AA12A2ED8D90026DF58 /* Class.swift */; };
		99585AA42A2EDA0A0026DF58 /* classItemView.swift in Sources */ = {isa = PBXBuildFile; fileRef = 99585AA32A2EDA0A0026DF58 /* classItemView.swift */; };
		99D93C282A26BF78003F421F /* SchoolCalanderApp.swift in Sources */ = {isa = PBXBuildFile; fileRef = 99D93C272A26BF78003F421F /* SchoolCalanderApp.swift */; };
		99D93C2C2A26BF79003F421F /* Assets.xcassets in Resources */ = {isa = PBXBuildFile; fileRef = 99D93C2B2A26BF79003F421F /* Assets.xcassets */; };
		99D93C2F2A26BF79003F421F /* Preview Assets.xcassets in Resources */ = {isa = PBXBuildFile; fileRef = 99D93C2E2A26BF79003F421F /* Preview Assets.xcassets */; };
		99D93C362A26C93E003F421F /* mainView.swift in Sources */ = {isa = PBXBuildFile; fileRef = 99D93C352A26C93E003F421F /* mainView.swift */; };
		99FC0DEA2A2E10E300FDF879 /* calendarView.swift in Sources */ = {isa = PBXBuildFile; fileRef = 99FC0DE92A2E10E300FDF879 /* calendarView.swift */; };
/* End PBXBuildFile section */

/* Begin PBXFileReference section */
		99585A962A2ECE640026DF58 /* addcalendarView.swift */ = {isa = PBXFileReference; lastKnownFileType = sourcecode.swift; path = addcalendarView.swift; sourceTree = "<group>"; };
		99585A982A2ED0020026DF58 /* calendaritemView.swift */ = {isa = PBXFileReference; lastKnownFileType = sourcecode.swift; path = calendaritemView.swift; sourceTree = "<group>"; };
		99585A9B2A2ED7990026DF58 /* addClassview.swift */ = {isa = PBXFileReference; lastKnownFileType = sourcecode.swift; path = addClassview.swift; sourceTree = "<group>"; };
		99585A9D2A2ED7F50026DF58 /* db.sqlite */ = {isa = PBXFileReference; lastKnownFileType = file; name = db.sqlite; path = Views/Model/db.sqlite; sourceTree = "<group>"; };
		99585A9F2A2ED8680026DF58 /* appDatabase.swift */ = {isa = PBXFileReference; lastKnownFileType = sourcecode.swift; path = appDatabase.swift; sourceTree = "<group>"; };
		99585AA12A2ED8D90026DF58 /* Class.swift */ = {isa = PBXFileReference; lastKnownFileType = sourcecode.swift; path = Class.swift; sourceTree = "<group>"; };
		99585AA32A2EDA0A0026DF58 /* classItemView.swift */ = {isa = PBXFileReference; lastKnownFileType = sourcecode.swift; path = classItemView.swift; sourceTree = "<group>"; };
		99D93C242A26BF78003F421F /* SchoolCalander.app */ = {isa = PBXFileReference; explicitFileType = wrapper.application; includeInIndex = 0; path = SchoolCalander.app; sourceTree = BUILT_PRODUCTS_DIR; };
		99D93C272A26BF78003F421F /* SchoolCalanderApp.swift */ = {isa = PBXFileReference; lastKnownFileType = sourcecode.swift; path = SchoolCalanderApp.swift; sourceTree = "<group>"; };
		99D93C2B2A26BF79003F421F /* Assets.xcassets */ = {isa = PBXFileReference; lastKnownFileType = folder.assetcatalog; path = Assets.xcassets; sourceTree = "<group>"; };
		99D93C2E2A26BF79003F421F /* Preview Assets.xcassets */ = {isa = PBXFileReference; lastKnownFileType = folder.assetcatalog; path = "Preview Assets.xcassets"; sourceTree = "<group>"; };
		99D93C352A26C93E003F421F /* mainView.swift */ = {isa = PBXFileReference; lastKnownFileType = sourcecode.swift; path = mainView.swift; sourceTree = "<group>"; };
		99FC0DE92A2E10E300FDF879 /* calendarView.swift */ = {isa = PBXFileReference; lastKnownFileType = sourcecode.swift; path = calendarView.swift; sourceTree = "<group>"; };
/* End PBXFileReference section */

/* Begin PBXFrameworksBuildPhase section */
		99D93C212A26BF78003F421F /* Frameworks */ = {
			isa = PBXFrameworksBuildPhase;
			buildActionMask = 2147483647;
			files = (
			);
			runOnlyForDeploymentPostprocessing = 0;
		};
/* End PBXFrameworksBuildPhase section */

/* Begin PBXGroup section */
		99585A9A2A2ED4620026DF58 /* Model */ = {
			isa = PBXGroup;
			children = (
				99585AA12A2ED8D90026DF58 /* Class.swift */,
				99585A9F2A2ED8680026DF58 /* appDatabase.swift */,
			);
			path = Model;
			sourceTree = "<group>";
		};
		99585AA52A2EDB960026DF58 /* calendar */ = {
			isa = PBXGroup;
			children = (
				99585A982A2ED0020026DF58 /* calendaritemView.swift */,
				99585A962A2ECE640026DF58 /* addcalendarView.swift */,
				99FC0DE92A2E10E300FDF879 /* calendarView.swift */,
			);
			path = calendar;
			sourceTree = "<group>";
		};
		99585AA62A2EDBB40026DF58 /* class */ = {
			isa = PBXGroup;
			children = (
				99585AA32A2EDA0A0026DF58 /* classItemView.swift */,
				99585A9B2A2ED7990026DF58 /* addClassview.swift */,
			);
			path = class;
			sourceTree = "<group>";
		};
		9995ABC92A28173300E87364 /* Views */ = {
			isa = PBXGroup;
			children = (
				99D93C352A26C93E003F421F /* mainView.swift */,
				99585AA52A2EDB960026DF58 /* calendar */,
				99585AA62A2EDBB40026DF58 /* class */,
				99585A9A2A2ED4620026DF58 /* Model */,
			);
			path = Views;
			sourceTree = "<group>";
		};
		99D93C1B2A26BF78003F421F = {
			isa = PBXGroup;
			children = (
				99D93C262A26BF78003F421F /* SchoolCalander */,
				99D93C252A26BF78003F421F /* Products */,
			);
			sourceTree = "<group>";
		};
		99D93C252A26BF78003F421F /* Products */ = {
			isa = PBXGroup;
			children = (
				99D93C242A26BF78003F421F /* SchoolCalander.app */,
			);
			name = Products;
			sourceTree = "<group>";
		};
		99D93C262A26BF78003F421F /* SchoolCalander */ = {
			isa = PBXGroup;
			children = (
				99D93C272A26BF78003F421F /* SchoolCalanderApp.swift */,
				9995ABC92A28173300E87364 /* Views */,
				99585A9D2A2ED7F50026DF58 /* db.sqlite */,
				99D93C2B2A26BF79003F421F /* Assets.xcassets */,
				99D93C2D2A26BF79003F421F /* Preview Content */,
			);
			path = SchoolCalander;
			sourceTree = "<group>";
		};
		99D93C2D2A26BF79003F421F /* Preview Content */ = {
			isa = PBXGroup;
			children = (
				99D93C2E2A26BF79003F421F /* Preview Assets.xcassets */,
			);
			path = "Preview Content";
			sourceTree = "<group>";
		};
/* End PBXGroup section */

/* Begin PBXNativeTarget section */
		99D93C232A26BF78003F421F /* SchoolCalander */ = {
			isa = PBXNativeTarget;
			buildConfigurationList = 99D93C322A26BF79003F421F /* Build configuration list for PBXNativeTarget "SchoolCalander" */;
			buildPhases = (
				99D93C202A26BF78003F421F /* Sources */,
				99D93C212A26BF78003F421F /* Frameworks */,
				99D93C222A26BF78003F421F /* Resources */,
			);
			buildRules = (
			);
			dependencies = (
			);
			name = SchoolCalander;
			productName = SchoolCalander;
			productReference = 99D93C242A26BF78003F421F /* SchoolCalander.app */;
			productType = "com.apple.product-type.application";
		};
/* End PBXNativeTarget section */

/* Begin PBXProject section */
		99D93C1C2A26BF78003F421F /* Project object */ = {
			isa = PBXProject;
			attributes = {
				BuildIndependentTargetsInParallel = 1;
				LastSwiftUpdateCheck = 1430;
				LastUpgradeCheck = 1430;
				TargetAttributes = {
					99D93C232A26BF78003F421F = {
						CreatedOnToolsVersion = 14.3;
					};
				};
			};
			buildConfigurationList = 99D93C1F2A26BF78003F421F /* Build configuration list for PBXProject "SchoolCalander" */;
			compatibilityVersion = "Xcode 14.0";
			developmentRegion = en;
			hasScannedForEncodings = 0;
			knownRegions = (
				en,
				Base,
			);
			mainGroup = 99D93C1B2A26BF78003F421F;
			packageReferences = (
				99FC0DEB2A2E145D00FDF879 /* XCRemoteSwiftPackageReference "Blackbird" */,
			);
			productRefGroup = 99D93C252A26BF78003F421F /* Products */;
			projectDirPath = "";
			projectRoot = "";
			targets = (
				99D93C232A26BF78003F421F /* SchoolCalander */,
			);
		};
/* End PBXProject section */

/* Begin PBXResourcesBuildPhase section */
		99D93C222A26BF78003F421F /* Resources */ = {
			isa = PBXResourcesBuildPhase;
			buildActionMask = 2147483647;
			files = (
				99D93C2F2A26BF79003F421F /* Preview Assets.xcassets in Resources */,
				99585A9E2A2ED7F50026DF58 /* db.sqlite in Resources */,
				99D93C2C2A26BF79003F421F /* Assets.xcassets in Resources */,
			);
			runOnlyForDeploymentPostprocessing = 0;
		};
/* End PBXResourcesBuildPhase section */

/* Begin PBXSourcesBuildPhase section */
		99D93C202A26BF78003F421F /* Sources */ = {
			isa = PBXSourcesBuildPhase;
			buildActionMask = 2147483647;
			files = (
				99FC0DEA2A2E10E300FDF879 /* calendarView.swift in Sources */,
				99D93C282A26BF78003F421F /* SchoolCalanderApp.swift in Sources */,
				99585A972A2ECE650026DF58 /* addcalendarView.swift in Sources */,
				99585A9C2A2ED7990026DF58 /* addClassview.swift in Sources */,
				99585AA22A2ED8D90026DF58 /* Class.swift in Sources */,
				99D93C362A26C93E003F421F /* mainView.swift in Sources */,
				99585AA42A2EDA0A0026DF58 /* classItemView.swift in Sources */,
				99585AA02A2ED8680026DF58 /* appDatabase.swift in Sources */,
				99585A992A2ED0020026DF58 /* calendaritemView.swift in Sources */,
			);
			runOnlyForDeploymentPostprocessing = 0;
		};
/* End PBXSourcesBuildPhase section */

/* Begin XCBuildConfiguration section */
		99D93C302A26BF79003F421F /* Debug */ = {
			isa = XCBuildConfiguration;
			buildSettings = {
				ALWAYS_SEARCH_USER_PATHS = NO;
				CLANG_ANALYZER_NONNULL = YES;
				CLANG_ANALYZER_NUMBER_OBJECT_CONVERSION = YES_AGGRESSIVE;
				CLANG_CXX_LANGUAGE_STANDARD = "gnu++20";
				CLANG_ENABLE_MODULES = YES;
				CLANG_ENABLE_OBJC_ARC = YES;
				CLANG_ENABLE_OBJC_WEAK = YES;
				CLANG_WARN_BLOCK_CAPTURE_AUTORELEASING = YES;
				CLANG_WARN_BOOL_CONVERSION = YES;
				CLANG_WARN_COMMA = YES;
				CLANG_WARN_CONSTANT_CONVERSION = YES;
				CLANG_WARN_DEPRECATED_OBJC_IMPLEMENTATIONS = YES;
				CLANG_WARN_DIRECT_OBJC_ISA_USAGE = YES_ERROR;
				CLANG_WARN_DOCUMENTATION_COMMENTS = YES;
				CLANG_WARN_EMPTY_BODY = YES;
				CLANG_WARN_ENUM_CONVERSION = YES;
				CLANG_WARN_INFINITE_RECURSION = YES;
				CLANG_WARN_INT_CONVERSION = YES;
				CLANG_WARN_NON_LITERAL_NULL_CONVERSION = YES;
				CLANG_WARN_OBJC_IMPLICIT_RETAIN_SELF = YES;
				CLANG_WARN_OBJC_LITERAL_CONVERSION = YES;
				CLANG_WARN_OBJC_ROOT_CLASS = YES_ERROR;
				CLANG_WARN_QUOTED_INCLUDE_IN_FRAMEWORK_HEADER = YES;
				CLANG_WARN_RANGE_LOOP_ANALYSIS = YES;
				CLANG_WARN_STRICT_PROTOTYPES = YES;
				CLANG_WARN_SUSPICIOUS_MOVE = YES;
				CLANG_WARN_UNGUARDED_AVAILABILITY = YES_AGGRESSIVE;
				CLANG_WARN_UNREACHABLE_CODE = YES;
				CLANG_WARN__DUPLICATE_METHOD_MATCH = YES;
				COPY_PHASE_STRIP = NO;
				DEBUG_INFORMATION_FORMAT = dwarf;
				ENABLE_STRICT_OBJC_MSGSEND = YES;
				ENABLE_TESTABILITY = YES;
				GCC_C_LANGUAGE_STANDARD = gnu11;
				GCC_DYNAMIC_NO_PIC = NO;
				GCC_NO_COMMON_BLOCKS = YES;
				GCC_OPTIMIZATION_LEVEL = 0;
				GCC_PREPROCESSOR_DEFINITIONS = (
					"DEBUG=1",
					"$(inherited)",
				);
				GCC_WARN_64_TO_32_BIT_CONVERSION = YES;
				GCC_WARN_ABOUT_RETURN_TYPE = YES_ERROR;
				GCC_WARN_UNDECLARED_SELECTOR = YES;
				GCC_WARN_UNINITIALIZED_AUTOS = YES_AGGRESSIVE;
				GCC_WARN_UNUSED_FUNCTION = YES;
				GCC_WARN_UNUSED_VARIABLE = YES;
				IPHONEOS_DEPLOYMENT_TARGET = 16.4;
				MTL_ENABLE_DEBUG_INFO = INCLUDE_SOURCE;
				MTL_FAST_MATH = YES;
				ONLY_ACTIVE_ARCH = YES;
				SDKROOT = iphoneos;
				SWIFT_ACTIVE_COMPILATION_CONDITIONS = DEBUG;
				SWIFT_OPTIMIZATION_LEVEL = "-Onone";
			};
			name = Debug;
		};
		99D93C312A26BF79003F421F /* Release */ = {
			isa = XCBuildConfiguration;
			buildSettings = {
				ALWAYS_SEARCH_USER_PATHS = NO;
				CLANG_ANALYZER_NONNULL = YES;
				CLANG_ANALYZER_NUMBER_OBJECT_CONVERSION = YES_AGGRESSIVE;
				CLANG_CXX_LANGUAGE_STANDARD = "gnu++20";
				CLANG_ENABLE_MODULES = YES;
				CLANG_ENABLE_OBJC_ARC = YES;
				CLANG_ENABLE_OBJC_WEAK = YES;
				CLANG_WARN_BLOCK_CAPTURE_AUTORELEASING = YES;
				CLANG_WARN_BOOL_CONVERSION = YES;
				CLANG_WARN_COMMA = YES;
				CLANG_WARN_CONSTANT_CONVERSION = YES;
				CLANG_WARN_DEPRECATED_OBJC_IMPLEMENTATIONS = YES;
				CLANG_WARN_DIRECT_OBJC_ISA_USAGE = YES_ERROR;
				CLANG_WARN_DOCUMENTATION_COMMENTS = YES;
				CLANG_WARN_EMPTY_BODY = YES;
				CLANG_WARN_ENUM_CONVERSION = YES;
				CLANG_WARN_INFINITE_RECURSION = YES;
				CLANG_WARN_INT_CONVERSION = YES;
				CLANG_WARN_NON_LITERAL_NULL_CONVERSION = YES;
				CLANG_WARN_OBJC_IMPLICIT_RETAIN_SELF = YES;
				CLANG_WARN_OBJC_LITERAL_CONVERSION = YES;
				CLANG_WARN_OBJC_ROOT_CLASS = YES_ERROR;
				CLANG_WARN_QUOTED_INCLUDE_IN_FRAMEWORK_HEADER = YES;
				CLANG_WARN_RANGE_LOOP_ANALYSIS = YES;
				CLANG_WARN_STRICT_PROTOTYPES = YES;
				CLANG_WARN_SUSPICIOUS_MOVE = YES;
				CLANG_WARN_UNGUARDED_AVAILABILITY = YES_AGGRESSIVE;
				CLANG_WARN_UNREACHABLE_CODE = YES;
				CLANG_WARN__DUPLICATE_METHOD_MATCH = YES;
				COPY_PHASE_STRIP = NO;
				DEBUG_INFORMATION_FORMAT = "dwarf-with-dsym";
				ENABLE_NS_ASSERTIONS = NO;
				ENABLE_STRICT_OBJC_MSGSEND = YES;
				GCC_C_LANGUAGE_STANDARD = gnu11;
				GCC_NO_COMMON_BLOCKS = YES;
				GCC_WARN_64_TO_32_BIT_CONVERSION = YES;
				GCC_WARN_ABOUT_RETURN_TYPE = YES_ERROR;
				GCC_WARN_UNDECLARED_SELECTOR = YES;
				GCC_WARN_UNINITIALIZED_AUTOS = YES_AGGRESSIVE;
				GCC_WARN_UNUSED_FUNCTION = YES;
				GCC_WARN_UNUSED_VARIABLE = YES;
				IPHONEOS_DEPLOYMENT_TARGET = 16.4;
				MTL_ENABLE_DEBUG_INFO = NO;
				MTL_FAST_MATH = YES;
				SDKROOT = iphoneos;
				SWIFT_COMPILATION_MODE = wholemodule;
				SWIFT_OPTIMIZATION_LEVEL = "-O";
				VALIDATE_PRODUCT = YES;
			};
			name = Release;
		};
		99D93C332A26BF79003F421F /* Debug */ = {
			isa = XCBuildConfiguration;
			buildSettings = {
				ASSETCATALOG_COMPILER_APPICON_NAME = AppIcon;
				ASSETCATALOG_COMPILER_GLOBAL_ACCENT_COLOR_NAME = AccentColor;
				CODE_SIGN_STYLE = Automatic;
				CURRENT_PROJECT_VERSION = 1;
				DEVELOPMENT_ASSET_PATHS = "\"SchoolCalander/Preview Content\"";
				ENABLE_PREVIEWS = YES;
				GENERATE_INFOPLIST_FILE = YES;
				INFOPLIST_KEY_UIApplicationSceneManifest_Generation = YES;
				INFOPLIST_KEY_UIApplicationSupportsIndirectInputEvents = YES;
				INFOPLIST_KEY_UILaunchScreen_Generation = YES;
				INFOPLIST_KEY_UISupportedInterfaceOrientations_iPad = "UIInterfaceOrientationPortrait UIInterfaceOrientationPortraitUpsideDown UIInterfaceOrientationLandscapeLeft UIInterfaceOrientationLandscapeRight";
				INFOPLIST_KEY_UISupportedInterfaceOrientations_iPhone = "UIInterfaceOrientationPortrait UIInterfaceOrientationLandscapeLeft UIInterfaceOrientationLandscapeRight";
				LD_RUNPATH_SEARCH_PATHS = (
					"$(inherited)",
					"@executable_path/Frameworks",
				);
				MARKETING_VERSION = 1.0;
				PRODUCT_BUNDLE_IDENTIFIER = ca.sebastianfrosch.SchoolCalander;
				PRODUCT_NAME = "$(TARGET_NAME)";
				SWIFT_EMIT_LOC_STRINGS = YES;
				SWIFT_VERSION = 5.0;
				TARGETED_DEVICE_FAMILY = "1,2";
			};
			name = Debug;
		};
		99D93C342A26BF79003F421F /* Release */ = {
			isa = XCBuildConfiguration;
			buildSettings = {
				ASSETCATALOG_COMPILER_APPICON_NAME = AppIcon;
				ASSETCATALOG_COMPILER_GLOBAL_ACCENT_COLOR_NAME = AccentColor;
				CODE_SIGN_STYLE = Automatic;
				CURRENT_PROJECT_VERSION = 1;
				DEVELOPMENT_ASSET_PATHS = "\"SchoolCalander/Preview Content\"";
				ENABLE_PREVIEWS = YES;
				GENERATE_INFOPLIST_FILE = YES;
				INFOPLIST_KEY_UIApplicationSceneManifest_Generation = YES;
				INFOPLIST_KEY_UIApplicationSupportsIndirectInputEvents = YES;
				INFOPLIST_KEY_UILaunchScreen_Generation = YES;
				INFOPLIST_KEY_UISupportedInterfaceOrientations_iPad = "UIInterfaceOrientationPortrait UIInterfaceOrientationPortraitUpsideDown UIInterfaceOrientationLandscapeLeft UIInterfaceOrientationLandscapeRight";
				INFOPLIST_KEY_UISupportedInterfaceOrientations_iPhone = "UIInterfaceOrientationPortrait UIInterfaceOrientationLandscapeLeft UIInterfaceOrientationLandscapeRight";
				LD_RUNPATH_SEARCH_PATHS = (
					"$(inherited)",
					"@executable_path/Frameworks",
				);
				MARKETING_VERSION = 1.0;
				PRODUCT_BUNDLE_IDENTIFIER = ca.sebastianfrosch.SchoolCalander;
				PRODUCT_NAME = "$(TARGET_NAME)";
				SWIFT_EMIT_LOC_STRINGS = YES;
				SWIFT_VERSION = 5.0;
				TARGETED_DEVICE_FAMILY = "1,2";
			};
			name = Release;
		};
/* End XCBuildConfiguration section */

/* Begin XCConfigurationList section */
		99D93C1F2A26BF78003F421F /* Build configuration list for PBXProject "SchoolCalander" */ = {
			isa = XCConfigurationList;
			buildConfigurations = (
				99D93C302A26BF79003F421F /* Debug */,
				99D93C312A26BF79003F421F /* Release */,
			);
			defaultConfigurationIsVisible = 0;
			defaultConfigurationName = Release;
		};
		99D93C322A26BF79003F421F /* Build configuration list for PBXNativeTarget "SchoolCalander" */ = {
			isa = XCConfigurationList;
			buildConfigurations = (
				99D93C332A26BF79003F421F /* Debug */,
				99D93C342A26BF79003F421F /* Release */,
			);
			defaultConfigurationIsVisible = 0;
			defaultConfigurationName = Release;
		};
/* End XCConfigurationList section */

/* Begin XCRemoteSwiftPackageReference section */
		99FC0DEB2A2E145D00FDF879 /* XCRemoteSwiftPackageReference "Blackbird" */ = {
			isa = XCRemoteSwiftPackageReference;
			repositoryURL = "https://github.com/marcoarment/Blackbird";
			requirement = {
				branch = main;
				kind = branch;
			};
		};
/* End XCRemoteSwiftPackageReference section */
	};
	rootObject = 99D93C1C2A26BF78003F421F /* Project object */;
}
